
Microsoft Visual Studio Solution File, Format Version 12.00
# Visual Studio Version 17
VisualStudioVersion = 17.10.35027.167
MinimumVisualStudioVersion = 10.0.40219.1
Project("{FAE04EC0-301F-11D3-BF4B-00C04F79EFBC}") = "Bai7_1", "Bai7_1\Bai7_1.csproj", "{E4EE5E99-866C-4AC6-A5E3-E03613DAAD1C}"
EndProject
Project("{FAE04EC0-301F-11D3-BF4B-00C04F79EFBC}") = "Bai7_2", "Bai7_2\Bai7_2.csproj", "{899F9A68-4F2F-45F3-813B-7EE789F81FBA}"
EndProject
Project("{FAE04EC0-301F-11D3-BF4B-00C04F79EFBC}") = "Bai7_3", "Bai7_3\Bai7_3.csproj", "{FB11D731-A273-43FE-8D17-7D195ED6E93E}"
EndProject
Project("{FAE04EC0-301F-11D3-BF4B-00C04F79EFBC}") = "Bai7_4", "Bai7_4\Bai7_4.csproj", "{039CB56C-650F-42CA-B36D-5BF14916B7B0}"
EndProject
Project("{FAE04EC0-301F-11D3-BF4B-00C04F79EFBC}") = "Bai7_5", "Bai7_5\Bai7_5.csproj", "{415CC455-0025-47AF-989B-35CA69F9C73B}"
EndProject
Global
	GlobalSection(SolutionConfigurationPlatforms) = preSolution
		Debug|Any CPU = Debug|Any CPU
		Release|Any CPU = Release|Any CPU
	EndGlobalSection
	GlobalSection(ProjectConfigurationPlatforms) = postSolution
		{E4EE5E99-866C-4AC6-A5E3-E03613DAAD1C}.Debug|Any CPU.ActiveCfg = Debug|Any CPU
		{E4EE5E99-866C-4AC6-A5E3-E03613DAAD1C}.Debug|Any CPU.Build.0 = Debug|Any CPU
		{E4EE5E99-866C-4AC6-A5E3-E03613DAAD1C}.Release|Any CPU.ActiveCfg = Release|Any CPU
		{E4EE5E99-866C-4AC6-A5E3-E03613DAAD1C}.Release|Any CPU.Build.0 = Release|Any CPU
		{899F9A68-4F2F-45F3-813B-7EE789F81FBA}.Debug|Any CPU.ActiveCfg = Debug|Any CPU
		{899F9A68-4F2F-45F3-813B-7EE789F81FBA}.Debug|Any CPU.Build.0 = Debug|Any CPU
		{899F9A68-4F2F-45F3-813B-7EE789F81FBA}.Release|Any CPU.ActiveCfg = Release|Any CPU
		{899F9A68-4F2F-45F3-813B-7EE789F81FBA}.Release|Any CPU.Build.0 = Release|Any CPU
		{FB11D731-A273-43FE-8D17-7D195ED6E93E}.Debug|Any CPU.ActiveCfg = Debug|Any CPU
		{FB11D731-A273-43FE-8D17-7D195ED6E93E}.Debug|Any CPU.Build.0 = Debug|Any CPU
		{FB11D731-A273-43FE-8D17-7D195ED6E93E}.Release|Any CPU.ActiveCfg = Release|Any CPU
		{FB11D731-A273-43FE-8D17-7D195ED6E93E}.Release|Any CPU.Build.0 = Release|Any CPU
		{039CB56C-650F-42CA-B36D-5BF14916B7B0}.Debug|Any CPU.ActiveCfg = Debug|Any CPU
		{039CB56C-650F-42CA-B36D-5BF14916B7B0}.Debug|Any CPU.Build.0 = Debug|Any CPU
		{039CB56C-650F-42CA-B36D-5BF14916B7B0}.Release|Any CPU.ActiveCfg = Release|Any CPU
		{039CB56C-650F-42CA-B36D-5BF14916B7B0}.Release|Any CPU.Build.0 = Release|Any CPU
		{415CC455-0025-47AF-989B-35CA69F9C73B}.Debug|Any CPU.ActiveCfg = Debug|Any CPU
		{415CC455-0025-47AF-989B-35CA69F9C73B}.Debug|Any CPU.Build.0 = Debug|Any CPU
		{415CC455-0025-47AF-989B-35CA69F9C73B}.Release|Any CPU.ActiveCfg = Release|Any CPU
		{415CC455-0025-47AF-989B-35CA69F9C73B}.Release|Any CPU.Build.0 = Release|Any CPU
	EndGlobalSection
	GlobalSection(SolutionProperties) = preSolution
		HideSolutionNode = FALSE
	EndGlobalSection
	GlobalSection(ExtensibilityGlobals) = postSolution
		SolutionGuid = {359F9DB6-5E9E-4608-B4EF-749B79027D11}
	EndGlobalSection
EndGlobal
