
Microsoft Visual Studio Solution File, Format Version 12.00
# Visual Studio Version 17
VisualStudioVersion = 17.10.35027.167
MinimumVisualStudioVersion = 10.0.40219.1
Project("{FAE04EC0-301F-11D3-BF4B-00C04F79EFBC}") = "Bai2.1", "Bai2.1\Bai2.1.csproj", "{35F15299-07DE-4798-B66C-FE9286C14336}"
EndProject
Project("{FAE04EC0-301F-11D3-BF4B-00C04F79EFBC}") = "Bai2,2", "Bai2,2\Bai2,2.csproj", "{64E6BFF3-E572-411B-A107-A661ED48EF5F}"
EndProject
Project("{FAE04EC0-301F-11D3-BF4B-00C04F79EFBC}") = "Bai2.3", "Bai2.3\Bai2.3.csproj", "{8D46033A-450A-4AF9-8A21-1EB328C6131F}"
EndProject
Project("{FAE04EC0-301F-11D3-BF4B-00C04F79EFBC}") = "Bai2.4", "Bai2.4\Bai2.4.csproj", "{B0A06BB0-5C13-4DEA-AC07-FA3C491419A2}"
EndProject
Project("{FAE04EC0-301F-11D3-BF4B-00C04F79EFBC}") = "Bai2.5", "Bai2.5\Bai2.5.csproj", "{13A00A27-7468-44B7-840D-8AC012033BBE}"
EndProject
Project("{FAE04EC0-301F-11D3-BF4B-00C04F79EFBC}") = "Bai2.6", "Bai2.6\Bai2.6.csproj", "{47A52808-41C7-448F-9683-775A0CE9C0AD}"
EndProject
Project("{FAE04EC0-301F-11D3-BF4B-00C04F79EFBC}") = "Bai2.7", "Bai2.7\Bai2.7.csproj", "{FD340B20-B316-49E8-A9CE-91ECE90C78AD}"
EndProject
Project("{FAE04EC0-301F-11D3-BF4B-00C04F79EFBC}") = "Bai2.8", "Bai2.8\Bai2.8.csproj", "{C0365860-4CF5-436A-8D3E-5EA770FB2138}"
EndProject
Project("{FAE04EC0-301F-11D3-BF4B-00C04F79EFBC}") = "Bai2.9", "Bai2.9\Bai2.9.csproj", "{C39C9404-C04E-4FF2-B8D9-261B81A82732}"
EndProject
Project("{FAE04EC0-301F-11D3-BF4B-00C04F79EFBC}") = "Bai2.10", "Bai2.10\Bai2.10.csproj", "{017433B1-E8DF-42D3-BE4F-F9155D05BAB2}"
EndProject
Project("{FAE04EC0-301F-11D3-BF4B-00C04F79EFBC}") = "Bai3.1", "Bai3.1\Bai3.1.csproj", "{2EA8788E-FE46-4015-80C8-A9DD18F5388B}"
EndProject
Project("{FAE04EC0-301F-11D3-BF4B-00C04F79EFBC}") = "Bai3.2", "Bai3.2\Bai3.2.csproj", "{2BAC32AD-4314-4888-B476-642565BC0B3A}"
EndProject
Project("{FAE04EC0-301F-11D3-BF4B-00C04F79EFBC}") = "Bai3.3", "Bai3.3\Bai3.3.csproj", "{844ECF78-830D-42A2-8D2D-447C0E50A956}"
EndProject
Project("{FAE04EC0-301F-11D3-BF4B-00C04F79EFBC}") = "Bai3.4", "Bai3.4\Bai3.4.csproj", "{0B6D4836-E171-4853-8CEE-9AE4278A22AB}"
EndProject
Project("{FAE04EC0-301F-11D3-BF4B-00C04F79EFBC}") = "Bai4.1", "Bai4.1\Bai4.1.csproj", "{ED353BA5-33CB-45E5-B65E-F419BFB6F08F}"
EndProject
Project("{FAE04EC0-301F-11D3-BF4B-00C04F79EFBC}") = "Bai4.2", "Bai4.2\Bai4.2.csproj", "{446852A5-1720-4603-B23D-B63B1C236A9F}"
EndProject
Project("{FAE04EC0-301F-11D3-BF4B-00C04F79EFBC}") = "Bai4.3", "Bai4.3\Bai4.3.csproj", "{52D99C42-555D-40F4-B120-E4F42F1FC794}"
EndProject
Project("{FAE04EC0-301F-11D3-BF4B-00C04F79EFBC}") = "Bai4.4", "Bai4.4\Bai4.4.csproj", "{2B82F619-87DF-4A29-B92D-351A62479E50}"
EndProject
Project("{FAE04EC0-301F-11D3-BF4B-00C04F79EFBC}") = "bai4.5", "bai4.5\bai4.5.csproj", "{83ACBE7F-A182-4966-A923-93080FB236C9}"
EndProject
Project("{FAE04EC0-301F-11D3-BF4B-00C04F79EFBC}") = "Bai4.6", "Bai4.6\Bai4.6.csproj", "{226ED126-C39E-4DD1-9573-252F3A49A7B4}"
EndProject
Project("{FAE04EC0-301F-11D3-BF4B-00C04F79EFBC}") = "bai4.7", "bai4.7\bai4.7.csproj", "{3F7975B6-2EBE-4340-A2A4-71D542A6EAEC}"
EndProject
Global
	GlobalSection(SolutionConfigurationPlatforms) = preSolution
		Debug|Any CPU = Debug|Any CPU
		Release|Any CPU = Release|Any CPU
	EndGlobalSection
	GlobalSection(ProjectConfigurationPlatforms) = postSolution
		{35F15299-07DE-4798-B66C-FE9286C14336}.Debug|Any CPU.ActiveCfg = Debug|Any CPU
		{35F15299-07DE-4798-B66C-FE9286C14336}.Debug|Any CPU.Build.0 = Debug|Any CPU
		{35F15299-07DE-4798-B66C-FE9286C14336}.Release|Any CPU.ActiveCfg = Release|Any CPU
		{35F15299-07DE-4798-B66C-FE9286C14336}.Release|Any CPU.Build.0 = Release|Any CPU
		{64E6BFF3-E572-411B-A107-A661ED48EF5F}.Debug|Any CPU.ActiveCfg = Debug|Any CPU
		{64E6BFF3-E572-411B-A107-A661ED48EF5F}.Debug|Any CPU.Build.0 = Debug|Any CPU
		{64E6BFF3-E572-411B-A107-A661ED48EF5F}.Release|Any CPU.ActiveCfg = Release|Any CPU
		{64E6BFF3-E572-411B-A107-A661ED48EF5F}.Release|Any CPU.Build.0 = Release|Any CPU
		{8D46033A-450A-4AF9-8A21-1EB328C6131F}.Debug|Any CPU.ActiveCfg = Debug|Any CPU
		{8D46033A-450A-4AF9-8A21-1EB328C6131F}.Debug|Any CPU.Build.0 = Debug|Any CPU
		{8D46033A-450A-4AF9-8A21-1EB328C6131F}.Release|Any CPU.ActiveCfg = Release|Any CPU
		{8D46033A-450A-4AF9-8A21-1EB328C6131F}.Release|Any CPU.Build.0 = Release|Any CPU
		{B0A06BB0-5C13-4DEA-AC07-FA3C491419A2}.Debug|Any CPU.ActiveCfg = Debug|Any CPU
		{B0A06BB0-5C13-4DEA-AC07-FA3C491419A2}.Debug|Any CPU.Build.0 = Debug|Any CPU
		{B0A06BB0-5C13-4DEA-AC07-FA3C491419A2}.Release|Any CPU.ActiveCfg = Release|Any CPU
		{B0A06BB0-5C13-4DEA-AC07-FA3C491419A2}.Release|Any CPU.Build.0 = Release|Any CPU
		{13A00A27-7468-44B7-840D-8AC012033BBE}.Debug|Any CPU.ActiveCfg = Debug|Any CPU
		{13A00A27-7468-44B7-840D-8AC012033BBE}.Debug|Any CPU.Build.0 = Debug|Any CPU
		{13A00A27-7468-44B7-840D-8AC012033BBE}.Release|Any CPU.ActiveCfg = Release|Any CPU
		{13A00A27-7468-44B7-840D-8AC012033BBE}.Release|Any CPU.Build.0 = Release|Any CPU
		{47A52808-41C7-448F-9683-775A0CE9C0AD}.Debug|Any CPU.ActiveCfg = Debug|Any CPU
		{47A52808-41C7-448F-9683-775A0CE9C0AD}.Debug|Any CPU.Build.0 = Debug|Any CPU
		{47A52808-41C7-448F-9683-775A0CE9C0AD}.Release|Any CPU.ActiveCfg = Release|Any CPU
		{47A52808-41C7-448F-9683-775A0CE9C0AD}.Release|Any CPU.Build.0 = Release|Any CPU
		{FD340B20-B316-49E8-A9CE-91ECE90C78AD}.Debug|Any CPU.ActiveCfg = Debug|Any CPU
		{FD340B20-B316-49E8-A9CE-91ECE90C78AD}.Debug|Any CPU.Build.0 = Debug|Any CPU
		{FD340B20-B316-49E8-A9CE-91ECE90C78AD}.Release|Any CPU.ActiveCfg = Release|Any CPU
		{FD340B20-B316-49E8-A9CE-91ECE90C78AD}.Release|Any CPU.Build.0 = Release|Any CPU
		{C0365860-4CF5-436A-8D3E-5EA770FB2138}.Debug|Any CPU.ActiveCfg = Debug|Any CPU
		{C0365860-4CF5-436A-8D3E-5EA770FB2138}.Debug|Any CPU.Build.0 = Debug|Any CPU
		{C0365860-4CF5-436A-8D3E-5EA770FB2138}.Release|Any CPU.ActiveCfg = Release|Any CPU
		{C0365860-4CF5-436A-8D3E-5EA770FB2138}.Release|Any CPU.Build.0 = Release|Any CPU
		{C39C9404-C04E-4FF2-B8D9-261B81A82732}.Debug|Any CPU.ActiveCfg = Debug|Any CPU
		{C39C9404-C04E-4FF2-B8D9-261B81A82732}.Debug|Any CPU.Build.0 = Debug|Any CPU
		{C39C9404-C04E-4FF2-B8D9-261B81A82732}.Release|Any CPU.ActiveCfg = Release|Any CPU
		{C39C9404-C04E-4FF2-B8D9-261B81A82732}.Release|Any CPU.Build.0 = Release|Any CPU
		{017433B1-E8DF-42D3-BE4F-F9155D05BAB2}.Debug|Any CPU.ActiveCfg = Debug|Any CPU
		{017433B1-E8DF-42D3-BE4F-F9155D05BAB2}.Debug|Any CPU.Build.0 = Debug|Any CPU
		{017433B1-E8DF-42D3-BE4F-F9155D05BAB2}.Release|Any CPU.ActiveCfg = Release|Any CPU
		{017433B1-E8DF-42D3-BE4F-F9155D05BAB2}.Release|Any CPU.Build.0 = Release|Any CPU
		{2EA8788E-FE46-4015-80C8-A9DD18F5388B}.Debug|Any CPU.ActiveCfg = Debug|Any CPU
		{2EA8788E-FE46-4015-80C8-A9DD18F5388B}.Debug|Any CPU.Build.0 = Debug|Any CPU
		{2EA8788E-FE46-4015-80C8-A9DD18F5388B}.Release|Any CPU.ActiveCfg = Release|Any CPU
		{2EA8788E-FE46-4015-80C8-A9DD18F5388B}.Release|Any CPU.Build.0 = Release|Any CPU
		{2BAC32AD-4314-4888-B476-642565BC0B3A}.Debug|Any CPU.ActiveCfg = Debug|Any CPU
		{2BAC32AD-4314-4888-B476-642565BC0B3A}.Debug|Any CPU.Build.0 = Debug|Any CPU
		{2BAC32AD-4314-4888-B476-642565BC0B3A}.Release|Any CPU.ActiveCfg = Release|Any CPU
		{2BAC32AD-4314-4888-B476-642565BC0B3A}.Release|Any CPU.Build.0 = Release|Any CPU
		{844ECF78-830D-42A2-8D2D-447C0E50A956}.Debug|Any CPU.ActiveCfg = Debug|Any CPU
		{844ECF78-830D-42A2-8D2D-447C0E50A956}.Debug|Any CPU.Build.0 = Debug|Any CPU
		{844ECF78-830D-42A2-8D2D-447C0E50A956}.Release|Any CPU.ActiveCfg = Release|Any CPU
		{844ECF78-830D-42A2-8D2D-447C0E50A956}.Release|Any CPU.Build.0 = Release|Any CPU
		{0B6D4836-E171-4853-8CEE-9AE4278A22AB}.Debug|Any CPU.ActiveCfg = Debug|Any CPU
		{0B6D4836-E171-4853-8CEE-9AE4278A22AB}.Debug|Any CPU.Build.0 = Debug|Any CPU
		{0B6D4836-E171-4853-8CEE-9AE4278A22AB}.Release|Any CPU.ActiveCfg = Release|Any CPU
		{0B6D4836-E171-4853-8CEE-9AE4278A22AB}.Release|Any CPU.Build.0 = Release|Any CPU
		{ED353BA5-33CB-45E5-B65E-F419BFB6F08F}.Debug|Any CPU.ActiveCfg = Debug|Any CPU
		{ED353BA5-33CB-45E5-B65E-F419BFB6F08F}.Debug|Any CPU.Build.0 = Debug|Any CPU
		{ED353BA5-33CB-45E5-B65E-F419BFB6F08F}.Release|Any CPU.ActiveCfg = Release|Any CPU
		{ED353BA5-33CB-45E5-B65E-F419BFB6F08F}.Release|Any CPU.Build.0 = Release|Any CPU
		{446852A5-1720-4603-B23D-B63B1C236A9F}.Debug|Any CPU.ActiveCfg = Debug|Any CPU
		{446852A5-1720-4603-B23D-B63B1C236A9F}.Debug|Any CPU.Build.0 = Debug|Any CPU
		{446852A5-1720-4603-B23D-B63B1C236A9F}.Release|Any CPU.ActiveCfg = Release|Any CPU
		{446852A5-1720-4603-B23D-B63B1C236A9F}.Release|Any CPU.Build.0 = Release|Any CPU
		{52D99C42-555D-40F4-B120-E4F42F1FC794}.Debug|Any CPU.ActiveCfg = Debug|Any CPU
		{52D99C42-555D-40F4-B120-E4F42F1FC794}.Debug|Any CPU.Build.0 = Debug|Any CPU
		{52D99C42-555D-40F4-B120-E4F42F1FC794}.Release|Any CPU.ActiveCfg = Release|Any CPU
		{52D99C42-555D-40F4-B120-E4F42F1FC794}.Release|Any CPU.Build.0 = Release|Any CPU
		{2B82F619-87DF-4A29-B92D-351A62479E50}.Debug|Any CPU.ActiveCfg = Debug|Any CPU
		{2B82F619-87DF-4A29-B92D-351A62479E50}.Debug|Any CPU.Build.0 = Debug|Any CPU
		{2B82F619-87DF-4A29-B92D-351A62479E50}.Release|Any CPU.ActiveCfg = Release|Any CPU
		{2B82F619-87DF-4A29-B92D-351A62479E50}.Release|Any CPU.Build.0 = Release|Any CPU
		{83ACBE7F-A182-4966-A923-93080FB236C9}.Debug|Any CPU.ActiveCfg = Debug|Any CPU
		{83ACBE7F-A182-4966-A923-93080FB236C9}.Debug|Any CPU.Build.0 = Debug|Any CPU
		{83ACBE7F-A182-4966-A923-93080FB236C9}.Release|Any CPU.ActiveCfg = Release|Any CPU
		{83ACBE7F-A182-4966-A923-93080FB236C9}.Release|Any CPU.Build.0 = Release|Any CPU
		{226ED126-C39E-4DD1-9573-252F3A49A7B4}.Debug|Any CPU.ActiveCfg = Debug|Any CPU
		{226ED126-C39E-4DD1-9573-252F3A49A7B4}.Debug|Any CPU.Build.0 = Debug|Any CPU
		{226ED126-C39E-4DD1-9573-252F3A49A7B4}.Release|Any CPU.ActiveCfg = Release|Any CPU
		{226ED126-C39E-4DD1-9573-252F3A49A7B4}.Release|Any CPU.Build.0 = Release|Any CPU
		{3F7975B6-2EBE-4340-A2A4-71D542A6EAEC}.Debug|Any CPU.ActiveCfg = Debug|Any CPU
		{3F7975B6-2EBE-4340-A2A4-71D542A6EAEC}.Debug|Any CPU.Build.0 = Debug|Any CPU
		{3F7975B6-2EBE-4340-A2A4-71D542A6EAEC}.Release|Any CPU.ActiveCfg = Release|Any CPU
		{3F7975B6-2EBE-4340-A2A4-71D542A6EAEC}.Release|Any CPU.Build.0 = Release|Any CPU
	EndGlobalSection
	GlobalSection(SolutionProperties) = preSolution
		HideSolutionNode = FALSE
	EndGlobalSection
	GlobalSection(ExtensibilityGlobals) = postSolution
		SolutionGuid = {B860FA7F-C61B-4EDA-AD5E-A77A7BDC8CFF}
	EndGlobalSection
EndGlobal
