
Microsoft Visual Studio Solution File, Format Version 12.00
# Visual Studio Version 17
VisualStudioVersion = 17.13.35806.99 d17.13
MinimumVisualStudioVersion = 10.0.40219.1
Project("{FAE04EC0-301F-11D3-BF4B-00C04F79EFBC}") = "BTH11", "BTH11\BTH11.csproj", "{2E96A77B-7B24-4EFF-A73B-C8045F19E12B}"
EndProject
Global
	GlobalSection(SolutionConfigurationPlatforms) = preSolution
		Debug|Any CPU = Debug|Any CPU
		Release|Any CPU = Release|Any CPU
	EndGlobalSection
	GlobalSection(ProjectConfigurationPlatforms) = postSolution
		{2E96A77B-7B24-4EFF-A73B-C8045F19E12B}.Debug|Any CPU.ActiveCfg = Debug|Any CPU
		{2E96A77B-7B24-4EFF-A73B-C8045F19E12B}.Debug|Any CPU.Build.0 = Debug|Any CPU
		{2E96A77B-7B24-4EFF-A73B-C8045F19E12B}.Release|Any CPU.ActiveCfg = Release|Any CPU
		{2E96A77B-7B24-4EFF-A73B-C8045F19E12B}.Release|Any CPU.Build.0 = Release|Any CPU
	EndGlobalSection
	GlobalSection(SolutionProperties) = preSolution
		HideSolutionNode = FALSE
	EndGlobalSection
	GlobalSection(ExtensibilityGlobals) = postSolution
		SolutionGuid = {A25EF0B6-FFB4-446C-A6E8-E0F92B60F478}
	EndGlobalSection
EndGlobal
